// !$*UTF8*$!
{
	archiveVersion = 1;
	classes = {
	};
	objectVersion = 46;
	objects = {

/* Begin PBXBuildFile section */
		84DA9B1C1643DAED0013F916 /* UIKit.framework in Frameworks */ = {isa = PBXBuildFile; fileRef = 84DA9B1B1643DAED0013F916 /* UIKit.framework */; };
		84DA9B1E1643DAED0013F916 /* Foundation.framework in Frameworks */ = {isa = PBXBuildFile; fileRef = 84DA9B1D1643DAED0013F916 /* Foundation.framework */; };
		84DA9B201643DAED0013F916 /* CoreGraphics.framework in Frameworks */ = {isa = PBXBuildFile; fileRef = 84DA9B1F1643DAED0013F916 /* CoreGraphics.framework */; };
		84DA9B261643DAED0013F916 /* InfoPlist.strings in Resources */ = {isa = PBXBuildFile; fileRef = 84DA9B241643DAED0013F916 /* InfoPlist.strings */; };
		84DA9B281643DAED0013F916 /* main.m in Sources */ = {isa = PBXBuildFile; fileRef = 84DA9B271643DAED0013F916 /* main.m */; };
		84DA9B2C1643DAED0013F916 /* AppDelegate.m in Sources */ = {isa = PBXBuildFile; fileRef = 84DA9B2B1643DAED0013F916 /* AppDelegate.m */; };
		84DA9B2F1643DAED0013F916 /* ViewController.m in Sources */ = {isa = PBXBuildFile; fileRef = 84DA9B2E1643DAED0013F916 /* ViewController.m */; };
		84DA9B321643DAED0013F916 /* ViewController_iPhone.xib in Resources */ = {isa = PBXBuildFile; fileRef = 84DA9B301643DAED0013F916 /* ViewController_iPhone.xib */; };
		84DA9B351643DAED0013F916 /* ViewController_iPad.xib in Resources */ = {isa = PBXBuildFile; fileRef = 84DA9B331643DAED0013F916 /* ViewController_iPad.xib */; };
		84DA9B3C1643DB0C0013F916 /* libsqlite3.dylib in Frameworks */ = {isa = PBXBuildFile; fileRef = 84DA9B3B1643DB0C0013F916 /* libsqlite3.dylib */; };
/* End PBXBuildFile section */

/* Begin PBXFileReference section */
		84DA9B171643DAED0013F916 /* sqliteDemo.app */ = {isa = PBXFileReference; explicitFileType = wrapper.application; includeInIndex = 0; path = sqliteDemo.app; sourceTree = BUILT_PRODUCTS_DIR; };
		84DA9B1B1643DAED0013F916 /* UIKit.framework */ = {isa = PBXFileReference; lastKnownFileType = wrapper.framework; name = UIKit.framework; path = System/Library/Frameworks/UIKit.framework; sourceTree = SDKROOT; };
		84DA9B1D1643DAED0013F916 /* Foundation.framework */ = {isa = PBXFileReference; lastKnownFileType = wrapper.framework; name = Foundation.framework; path = System/Library/Frameworks/Foundation.framework; sourceTree = SDKROOT; };
		84DA9B1F1643DAED0013F916 /* CoreGraphics.framework */ = {isa = PBXFileReference; lastKnownFileType = wrapper.framework; name = CoreGraphics.framework; path = System/Library/Frameworks/CoreGraphics.framework; sourceTree = SDKROOT; };
		84DA9B231643DAED0013F916 /* sqliteDemo-Info.plist */ = {isa = PBXFileReference; lastKnownFileType = text.plist.xml; path = "sqliteDemo-Info.plist"; sourceTree = "<group>"; };
		84DA9B251643DAED0013F916 /* en */ = {isa = PBXFileReference; lastKnownFileType = text.plist.strings; name = en; path = en.lproj/InfoPlist.strings; sourceTree = "<group>"; };
		84DA9B271643DAED0013F916 /* main.m */ = {isa = PBXFileReference; lastKnownFileType = sourcecode.c.objc; path = main.m; sourceTree = "<group>"; };
		84DA9B291643DAED0013F916 /* sqliteDemo-Prefix.pch */ = {isa = PBXFileReference; lastKnownFileType = sourcecode.c.h; path = "sqliteDemo-Prefix.pch"; sourceTree = "<group>"; };
		84DA9B2A1643DAED0013F916 /* AppDelegate.h */ = {isa = PBXFileReference; lastKnownFileType = sourcecode.c.h; path = AppDelegate.h; sourceTree = "<group>"; };
		84DA9B2B1643DAED0013F916 /* AppDelegate.m */ = {isa = PBXFileReference; lastKnownFileType = sourcecode.c.objc; path = AppDelegate.m; sourceTree = "<group>"; };
		84DA9B2D1643DAED0013F916 /* ViewController.h */ = {isa = PBXFileReference; lastKnownFileType = sourcecode.c.h; path = ViewController.h; sourceTree = "<group>"; };
		84DA9B2E1643DAED0013F916 /* ViewController.m */ = {isa = PBXFileReference; lastKnownFileType = sourcecode.c.objc; path = ViewController.m; sourceTree = "<group>"; };
		84DA9B311643DAED0013F916 /* en */ = {isa = PBXFileReference; lastKnownFileType = file.xib; name = en; path = en.lproj/ViewController_iPhone.xib; sourceTree = "<group>"; };
		84DA9B341643DAED0013F916 /* en */ = {isa = PBXFileReference; lastKnownFileType = file.xib; name = en; path = en.lproj/ViewController_iPad.xib; sourceTree = "<group>"; };
		84DA9B3B1643DB0C0013F916 /* libsqlite3.dylib */ = {isa = PBXFileReference; lastKnownFileType = "compiled.mach-o.dylib"; name = libsqlite3.dylib; path = usr/lib/libsqlite3.dylib; sourceTree = SDKROOT; };
/* End PBXFileReference section */

/* Begin PBXFrameworksBuildPhase section */
		84DA9B141643DAED0013F916 /* Frameworks */ = {
			isa = PBXFrameworksBuildPhase;
			buildActionMask = 2147483647;
			files = (
				84DA9B3C1643DB0C0013F916 /* libsqlite3.dylib in Frameworks */,
				84DA9B1C1643DAED0013F916 /* UIKit.framework in Frameworks */,
				84DA9B1E1643DAED0013F916 /* Foundation.framework in Frameworks */,
				84DA9B201643DAED0013F916 /* CoreGraphics.framework in Frameworks */,
			);
			runOnlyForDeploymentPostprocessing = 0;
		};
/* End PBXFrameworksBuildPhase section */

/* Begin PBXGroup section */
		84DA9B0C1643DAED0013F916 = {
			isa = PBXGroup;
			children = (
				84DA9B3B1643DB0C0013F916 /* libsqlite3.dylib */,
				84DA9B211643DAED0013F916 /* sqliteDemo */,
				84DA9B1A1643DAED0013F916 /* Frameworks */,
				84DA9B181643DAED0013F916 /* Products */,
			);
			sourceTree = "<group>";
		};
		84DA9B181643DAED0013F916 /* Products */ = {
			isa = PBXGroup;
			children = (
				84DA9B171643DAED0013F916 /* sqliteDemo.app */,
			);
			name = Products;
			sourceTree = "<group>";
		};
		84DA9B1A1643DAED0013F916 /* Frameworks */ = {
			isa = PBXGroup;
			children = (
				84DA9B1B1643DAED0013F916 /* UIKit.framework */,
				84DA9B1D1643DAED0013F916 /* Foundation.framework */,
				84DA9B1F1643DAED0013F916 /* CoreGraphics.framework */,
			);
			name = Frameworks;
			sourceTree = "<group>";
		};
		84DA9B211643DAED0013F916 /* sqliteDemo */ = {
			isa = PBXGroup;
			children = (
				84DA9B2A1643DAED0013F916 /* AppDelegate.h */,
				84DA9B2B1643DAED0013F916 /* AppDelegate.m */,
				84DA9B2D1643DAED0013F916 /* ViewController.h */,
				84DA9B2E1643DAED0013F916 /* ViewController.m */,
				84DA9B301643DAED0013F916 /* ViewController_iPhone.xib */,
				84DA9B331643DAED0013F916 /* ViewController_iPad.xib */,
				84DA9B221643DAED0013F916 /* Supporting Files */,
			);
			path = sqliteDemo;
			sourceTree = "<group>";
		};
		84DA9B221643DAED0013F916 /* Supporting Files */ = {
			isa = PBXGroup;
			children = (
				84DA9B231643DAED0013F916 /* sqliteDemo-Info.plist */,
				84DA9B241643DAED0013F916 /* InfoPlist.strings */,
				84DA9B271643DAED0013F916 /* main.m */,
				84DA9B291643DAED0013F916 /* sqliteDemo-Prefix.pch */,
			);
			name = "Supporting Files";
			sourceTree = "<group>";
		};
/* End PBXGroup section */

/* Begin PBXNativeTarget section */
		84DA9B161643DAED0013F916 /* sqliteDemo */ = {
			isa = PBXNativeTarget;
			buildConfigurationList = 84DA9B381643DAED0013F916 /* Build configuration list for PBXNativeTarget "sqliteDemo" */;
			buildPhases = (
				84DA9B131643DAED0013F916 /* Sources */,
				84DA9B141643DAED0013F916 /* Frameworks */,
				84DA9B151643DAED0013F916 /* Resources */,
			);
			buildRules = (
			);
			dependencies = (
			);
			name = sqliteDemo;
			productName = sqliteDemo;
			productReference = 84DA9B171643DAED0013F916 /* sqliteDemo.app */;
			productType = "com.apple.product-type.application";
		};
/* End PBXNativeTarget section */

/* Begin PBXProject section */
		84DA9B0E1643DAED0013F916 /* Project object */ = {
			isa = PBXProject;
			attributes = {
				LastUpgradeCheck = 0440;
				ORGANIZATIONNAME = shijiangwang;
			};
			buildConfigurationList = 84DA9B111643DAED0013F916 /* Build configuration list for PBXProject "sqliteDemo" */;
			compatibilityVersion = "Xcode 3.2";
			developmentRegion = English;
			hasScannedForEncodings = 0;
			knownRegions = (
				en,
			);
			mainGroup = 84DA9B0C1643DAED0013F916;
			productRefGroup = 84DA9B181643DAED0013F916 /* Products */;
			projectDirPath = "";
			projectRoot = "";
			targets = (
				84DA9B161643DAED0013F916 /* sqliteDemo */,
			);
		};
/* End PBXProject section */

/* Begin PBXResourcesBuildPhase section */
		84DA9B151643DAED0013F916 /* Resources */ = {
			isa = PBXResourcesBuildPhase;
			buildActionMask = 2147483647;
			files = (
				84DA9B261643DAED0013F916 /* InfoPlist.strings in Resources */,
				84DA9B321643DAED0013F916 /* ViewController_iPhone.xib in Resources */,
				84DA9B351643DAED0013F916 /* ViewController_iPad.xib in Resources */,
			);
			runOnlyForDeploymentPostprocessing = 0;
		};
/* End PBXResourcesBuildPhase section */

/* Begin PBXSourcesBuildPhase section */
		84DA9B131643DAED0013F916 /* Sources */ = {
			isa = PBXSourcesBuildPhase;
			buildActionMask = 2147483647;
			files = (
				84DA9B281643DAED0013F916 /* main.m in Sources */,
				84DA9B2C1643DAED0013F916 /* AppDelegate.m in Sources */,
				84DA9B2F1643DAED0013F916 /* ViewController.m in Sources */,
			);
			runOnlyForDeploymentPostprocessing = 0;
		};
/* End PBXSourcesBuildPhase section */

/* Begin PBXVariantGroup section */
		84DA9B241643DAED0013F916 /* InfoPlist.strings */ = {
			isa = PBXVariantGroup;
			children = (
				84DA9B251643DAED0013F916 /* en */,
			);
			name = InfoPlist.strings;
			sourceTree = "<group>";
		};
		84DA9B301643DAED0013F916 /* ViewController_iPhone.xib */ = {
			isa = PBXVariantGroup;
			children = (
				84DA9B311643DAED0013F916 /* en */,
			);
			name = ViewController_iPhone.xib;
			sourceTree = "<group>";
		};
		84DA9B331643DAED0013F916 /* ViewController_iPad.xib */ = {
			isa = PBXVariantGroup;
			children = (
				84DA9B341643DAED0013F916 /* en */,
			);
			name = ViewController_iPad.xib;
			sourceTree = "<group>";
		};
/* End PBXVariantGroup section */

/* Begin XCBuildConfiguration section */
		84DA9B361643DAED0013F916 /* Debug */ = {
			isa = XCBuildConfiguration;
			buildSettings = {
				ALWAYS_SEARCH_USER_PATHS = NO;
				ARCHS = "$(ARCHS_STANDARD_32_BIT)";
				CLANG_CXX_LANGUAGE_STANDARD = "gnu++0x";
				CLANG_ENABLE_OBJC_ARC = YES;
				CLANG_WARN__DUPLICATE_METHOD_MATCH = YES;
				"CODE_SIGN_IDENTITY[sdk=iphoneos*]" = "iPhone Developer";
				COPY_PHASE_STRIP = NO;
				GCC_C_LANGUAGE_STANDARD = gnu99;
				GCC_DYNAMIC_NO_PIC = NO;
				GCC_OPTIMIZATION_LEVEL = 0;
				GCC_PREPROCESSOR_DEFINITIONS = (
					"DEBUG=1",
					"$(inherited)",
				);
				GCC_SYMBOLS_PRIVATE_EXTERN = NO;
				GCC_VERSION = com.apple.compilers.llvm.clang.1_0;
				GCC_WARN_ABOUT_RETURN_TYPE = YES;
				GCC_WARN_UNINITIALIZED_AUTOS = YES;
				GCC_WARN_UNUSED_VARIABLE = YES;
				IPHONEOS_DEPLOYMENT_TARGET = 5.1;
				SDKROOT = iphoneos;
				TARGETED_DEVICE_FAMILY = "1,2";
			};
			name = Debug;
		};
		84DA9B371643DAED0013F916 /* Release */ = {
			isa = XCBuildConfiguration;
			buildSettings = {
				ALWAYS_SEARCH_USER_PATHS = NO;
				ARCHS = "$(ARCHS_STANDARD_32_BIT)";
				CLANG_CXX_LANGUAGE_STANDARD = "gnu++0x";
				CLANG_ENABLE_OBJC_ARC = YES;
				CLANG_WARN__DUPLICATE_METHOD_MATCH = YES;
				"CODE_SIGN_IDENTITY[sdk=iphoneos*]" = "iPhone Developer";
				COPY_PHASE_STRIP = YES;
				GCC_C_LANGUAGE_STANDARD = gnu99;
				GCC_VERSION = com.apple.compilers.llvm.clang.1_0;
				GCC_WARN_ABOUT_RETURN_TYPE = YES;
				GCC_WARN_UNINITIALIZED_AUTOS = YES;
				GCC_WARN_UNUSED_VARIABLE = YES;
				IPHONEOS_DEPLOYMENT_TARGET = 5.1;
				OTHER_CFLAGS = "-DNS_BLOCK_ASSERTIONS=1";
				SDKROOT = iphoneos;
				TARGETED_DEVICE_FAMILY = "1,2";
				VALIDATE_PRODUCT = YES;
			};
			name = Release;
		};
		84DA9B391643DAED0013F916 /* Debug */ = {
			isa = XCBuildConfiguration;
			buildSettings = {
				GCC_PRECOMPILE_PREFIX_HEADER = YES;
				GCC_PREFIX_HEADER = "sqliteDemo/sqliteDemo-Prefix.pch";
				INFOPLIST_FILE = "sqliteDemo/sqliteDemo-Info.plist";
				PRODUCT_NAME = "$(TARGET_NAME)";
				WRAPPER_EXTENSION = app;
			};
			name = Debug;
		};
		84DA9B3A1643DAED0013F916 /* Release */ = {
			isa = XCBuildConfiguration;
			buildSettings = {
				GCC_PRECOMPILE_PREFIX_HEADER = YES;
				GCC_PREFIX_HEADER = "sqliteDemo/sqliteDemo-Prefix.pch";
				INFOPLIST_FILE = "sqliteDemo/sqliteDemo-Info.plist";
				PRODUCT_NAME = "$(TARGET_NAME)";
				WRAPPER_EXTENSION = app;
			};
			name = Release;
		};
/* End XCBuildConfiguration section */

/* Begin XCConfigurationList section */
		84DA9B111643DAED0013F916 /* Build configuration list for PBXProject "sqliteDemo" */ = {
			isa = XCConfigurationList;
			buildConfigurations = (
				84DA9B361643DAED0013F916 /* Debug */,
				84DA9B371643DAED0013F916 /* Release */,
			);
			defaultConfigurationIsVisible = 0;
			defaultConfigurationName = Release;
		};
		84DA9B381643DAED0013F916 /* Build configuration list for PBXNativeTarget "sqliteDemo" */ = {
			isa = XCConfigurationList;
			buildConfigurations = (
				84DA9B391643DAED0013F916 /* Debug */,
				84DA9B3A1643DAED0013F916 /* Release */,
			);
			defaultConfigurationIsVisible = 0;
		};
/* End XCConfigurationList section */
	};
	rootObject = 84DA9B0E1643DAED0013F916 /* Project object */;
}
